{
  "name": "nice-and-tidy",
  "version": "0.4.0",
  "lockfileVersion": 3,
  "requires": true,
  "packages": {
    "": {
      "name": "nice-and-tidy",
      "version": "0.4.0",
      "license": "MIT",
      "bin": {
        "nice-and-tidy": "bin/cli.js"
      },
      "engines": {
        "node": ">=20.19.0"
      }
    }
  }
}
